
Microsoft Visual Studio Solution File, Format Version 12.00
# Visual Studio Version 16
VisualStudioVersion = 16.0.30104.148
MinimumVisualStudioVersion = 10.0.40219.1
Project("{8BC9CEB8-8B4A-11D0-8D11-00A0C91BC942}") = "Client", "Client\Client\Client.vcxproj", "{2B0C9F54-175D-482B-B7A1-6D4CE43C131A}"
EndProject
Project("{8BC9CEB8-8B4A-11D0-8D11-00A0C91BC942}") = "Server", "Server\Server\Server.vcxproj", "{163BF341-C46B-4C8B-B6C3-76567C95919C}"
EndProject
Project("{8BC9CEB8-8B4A-11D0-8D11-00A0C91BC942}") = "easycpp", "Third Party\easycpp\easycpp.vcxproj", "{97CFABCA-E9AE-4012-BA43-51367F392D1C}"
EndProject
Global
	GlobalSection(SolutionConfigurationPlatforms) = preSolution
		Debug|Win32 = Debug|Win32
		Debug|x64 = Debug|x64
		Release|Win32 = Release|Win32
		Release|x64 = Release|x64
	EndGlobalSection
	GlobalSection(ProjectConfigurationPlatforms) = postSolution
		{2B0C9F54-175D-482B-B7A1-6D4CE43C131A}.Debug|Win32.ActiveCfg = Debug|x64
		{2B0C9F54-175D-482B-B7A1-6D4CE43C131A}.Debug|Win32.Build.0 = Debug|x64
		{2B0C9F54-175D-482B-B7A1-6D4CE43C131A}.Debug|x64.ActiveCfg = Debug|x64
		{2B0C9F54-175D-482B-B7A1-6D4CE43C131A}.Debug|x64.Build.0 = Debug|x64
		{2B0C9F54-175D-482B-B7A1-6D4CE43C131A}.Release|Win32.ActiveCfg = Release|Win32
		{2B0C9F54-175D-482B-B7A1-6D4CE43C131A}.Release|Win32.Build.0 = Release|Win32
		{2B0C9F54-175D-482B-B7A1-6D4CE43C131A}.Release|x64.ActiveCfg = Debug|x64
		{2B0C9F54-175D-482B-B7A1-6D4CE43C131A}.Release|x64.Build.0 = Debug|x64
		{163BF341-C46B-4C8B-B6C3-76567C95919C}.Debug|Win32.ActiveCfg = Debug|x64
		{163BF341-C46B-4C8B-B6C3-76567C95919C}.Debug|x64.ActiveCfg = Debug|x64
		{163BF341-C46B-4C8B-B6C3-76567C95919C}.Debug|x64.Build.0 = Debug|x64
		{163BF341-C46B-4C8B-B6C3-76567C95919C}.Release|Win32.ActiveCfg = Release|Win32
		{163BF341-C46B-4C8B-B6C3-76567C95919C}.Release|Win32.Build.0 = Release|Win32
		{163BF341-C46B-4C8B-B6C3-76567C95919C}.Release|x64.ActiveCfg = Debug|x64
		{163BF341-C46B-4C8B-B6C3-76567C95919C}.Release|x64.Build.0 = Debug|x64
		{97CFABCA-E9AE-4012-BA43-51367F392D1C}.Debug|Win32.ActiveCfg = Debug|Win32
		{97CFABCA-E9AE-4012-BA43-51367F392D1C}.Debug|Win32.Build.0 = Debug|Win32
		{97CFABCA-E9AE-4012-BA43-51367F392D1C}.Debug|x64.ActiveCfg = Debug|x64
		{97CFABCA-E9AE-4012-BA43-51367F392D1C}.Debug|x64.Build.0 = Debug|x64
		{97CFABCA-E9AE-4012-BA43-51367F392D1C}.Release|Win32.ActiveCfg = Release|Win32
		{97CFABCA-E9AE-4012-BA43-51367F392D1C}.Release|Win32.Build.0 = Release|Win32
		{97CFABCA-E9AE-4012-BA43-51367F392D1C}.Release|x64.ActiveCfg = Release|x64
		{97CFABCA-E9AE-4012-BA43-51367F392D1C}.Release|x64.Build.0 = Release|x64
	EndGlobalSection
	GlobalSection(SolutionProperties) = preSolution
		HideSolutionNode = FALSE
	EndGlobalSection
	GlobalSection(ExtensibilityGlobals) = postSolution
		SolutionGuid = {90D3E194-C195-4553-A5D4-465F8E8A60DD}
	EndGlobalSection
EndGlobal
